
Microsoft Visual Studio Solution File, Format Version 10.00
# Visual Studio 2008
Project("{FAE04EC0-301F-11D3-BF4B-00C04F79EFBC}") = "CITray", "CITray\CITray.csproj", "{8FC83630-E68D-4031-9DDE-DB8820F74312}"
EndProject
Project("{FAE04EC0-301F-11D3-BF4B-00C04F79EFBC}") = "CITrayApi", "CITrayApi\CITrayApi.csproj", "{387FF5F7-118C-4944-A986-C1CC47D6C7FB}"
EndProject
Global
	GlobalSection(SolutionConfigurationPlatforms) = preSolution
		Debug|Any CPU = Debug|Any CPU
		Release|Any CPU = Release|Any CPU
	EndGlobalSection
	GlobalSection(ProjectConfigurationPlatforms) = postSolution
		{8FC83630-E68D-4031-9DDE-DB8820F74312}.Debug|Any CPU.ActiveCfg = Debug|Any CPU
		{8FC83630-E68D-4031-9DDE-DB8820F74312}.Debug|Any CPU.Build.0 = Debug|Any CPU
		{8FC83630-E68D-4031-9DDE-DB8820F74312}.Release|Any CPU.ActiveCfg = Release|Any CPU
		{8FC83630-E68D-4031-9DDE-DB8820F74312}.Release|Any CPU.Build.0 = Release|Any CPU
		{387FF5F7-118C-4944-A986-C1CC47D6C7FB}.Debug|Any CPU.ActiveCfg = Debug|Any CPU
		{387FF5F7-118C-4944-A986-C1CC47D6C7FB}.Debug|Any CPU.Build.0 = Debug|Any CPU
		{387FF5F7-118C-4944-A986-C1CC47D6C7FB}.Release|Any CPU.ActiveCfg = Release|Any CPU
		{387FF5F7-118C-4944-A986-C1CC47D6C7FB}.Release|Any CPU.Build.0 = Release|Any CPU
	EndGlobalSection
	GlobalSection(SolutionProperties) = preSolution
		HideSolutionNode = FALSE
	EndGlobalSection
EndGlobal
